
Microsoft Visual Studio Solution File, Format Version 12.00
# Visual Studio Version 17
VisualStudioVersion = 17.5.33502.453
MinimumVisualStudioVersion = 10.0.40219.1
Project("{FAE04EC0-301F-11D3-BF4B-00C04F79EFBC}") = "ConsoleApp6", "ConsoleApp6.csproj", "{0849CA82-2ED8-4654-B5A2-69570438EE03}"
EndProject
Global
	GlobalSection(SolutionConfigurationPlatforms) = preSolution
		Debug|Any CPU = Debug|Any CPU
		Release|Any CPU = Release|Any CPU
	EndGlobalSection
	GlobalSection(ProjectConfigurationPlatforms) = postSolution
		{0849CA82-2ED8-4654-B5A2-69570438EE03}.Debug|Any CPU.ActiveCfg = Debug|Any CPU
		{0849CA82-2ED8-4654-B5A2-69570438EE03}.Debug|Any CPU.Build.0 = Debug|Any CPU
		{0849CA82-2ED8-4654-B5A2-69570438EE03}.Release|Any CPU.ActiveCfg = Release|Any CPU
		{0849CA82-2ED8-4654-B5A2-69570438EE03}.Release|Any CPU.Build.0 = Release|Any CPU
	EndGlobalSection
	GlobalSection(SolutionProperties) = preSolution
		HideSolutionNode = FALSE
	EndGlobalSection
	GlobalSection(ExtensibilityGlobals) = postSolution
		SolutionGuid = {84BC3498-08AD-4E05-A685-2B747C2AFE36}
	EndGlobalSection
EndGlobal
